
Microsoft Visual Studio Solution File, Format Version 12.00
# Visual Studio 15
VisualStudioVersion = 15.0.28010.2050
MinimumVisualStudioVersion = 10.0.40219.1
Project("{151D2E53-A2C4-4D7D-83FE-D05416EBD58E}") = "intro", "intro\intro.deployproj", "{47928A80-CB7D-4192-94EF-DF0DB1FEBE1F}"
EndProject
Global
	GlobalSection(SolutionConfigurationPlatforms) = preSolution
		Debug|Any CPU = Debug|Any CPU
		Release|Any CPU = Release|Any CPU
	EndGlobalSection
	GlobalSection(ProjectConfigurationPlatforms) = postSolution
		{47928A80-CB7D-4192-94EF-DF0DB1FEBE1F}.Debug|Any CPU.ActiveCfg = Debug|Any CPU
		{47928A80-CB7D-4192-94EF-DF0DB1FEBE1F}.Debug|Any CPU.Build.0 = Debug|Any CPU
		{47928A80-CB7D-4192-94EF-DF0DB1FEBE1F}.Release|Any CPU.ActiveCfg = Release|Any CPU
		{47928A80-CB7D-4192-94EF-DF0DB1FEBE1F}.Release|Any CPU.Build.0 = Release|Any CPU
	EndGlobalSection
	GlobalSection(SolutionProperties) = preSolution
		HideSolutionNode = FALSE
	EndGlobalSection
	GlobalSection(ExtensibilityGlobals) = postSolution
		SolutionGuid = {975351B3-D421-4797-87EE-696C78CF412D}
	EndGlobalSection
EndGlobal
